
Microsoft Visual Studio Solution File, Format Version 12.00
# Visual Studio Version 17
VisualStudioVersion = 17.3.32922.545
MinimumVisualStudioVersion = 10.0.40219.1
Project("{888888A0-9F3D-457C-B088-3A5042F75D52}") = "dxwn-bot", "dxwn-bot\dxwn-bot.pyproj", "{C5A23FFE-A80C-4F70-98C9-1C6FF37A5AFB}"
EndProject
Global
	GlobalSection(SolutionConfigurationPlatforms) = preSolution
		Debug|Any CPU = Debug|Any CPU
		Release|Any CPU = Release|Any CPU
	EndGlobalSection
	GlobalSection(ProjectConfigurationPlatforms) = postSolution
		{C5A23FFE-A80C-4F70-98C9-1C6FF37A5AFB}.Debug|Any CPU.ActiveCfg = Debug|Any CPU
		{C5A23FFE-A80C-4F70-98C9-1C6FF37A5AFB}.Release|Any CPU.ActiveCfg = Release|Any CPU
	EndGlobalSection
	GlobalSection(SolutionProperties) = preSolution
		HideSolutionNode = FALSE
	EndGlobalSection
	GlobalSection(ExtensibilityGlobals) = postSolution
		SolutionGuid = {D5DB563A-A09A-4ACE-A45D-9DFDFAD9479C}
	EndGlobalSection
EndGlobal
